
Microsoft Visual Studio Solution File, Format Version 12.00
# Visual Studio Version 17
VisualStudioVersion = 17.12.35707.178
MinimumVisualStudioVersion = 10.0.40219.1
Project("{2150E333-8FDC-42A3-9474-1A3956D46DE8}") = "Core", "Core", "{63C118E7-F31F-4F40-A80C-1FC8BB8049CA}"
EndProject
Project("{FAE04EC0-301F-11D3-BF4B-00C04F79EFBC}") = "MedCore.Domain", "MedCore.Domain\MedCore.Domain.csproj", "{6B2B61E3-5F94-4981-BBDF-102B83997B5B}"
EndProject
Project("{2150E333-8FDC-42A3-9474-1A3956D46DE8}") = "Infraestructure", "Infraestructure", "{FEACACA7-CCD8-4814-85DA-E33F1D1DB09D}"
EndProject
Project("{FAE04EC0-301F-11D3-BF4B-00C04F79EFBC}") = "MedCore.Infraestructure", "MedCore.Infraestructure\MedCore.Infraestructure.csproj", "{0E715365-1318-4252-819F-3046C955183D}"
EndProject
Project("{FAE04EC0-301F-11D3-BF4B-00C04F79EFBC}") = "MedCore.Persistence", "MedCore.Persistence\MedCore.Persistence.csproj", "{4A016A9C-1EE4-4F0A-82BF-84A5889464BF}"
EndProject
Project("{2150E333-8FDC-42A3-9474-1A3956D46DE8}") = "Application", "Application", "{F15EAB66-A8C7-4F9F-8B26-70D9AF9A6AB5}"
EndProject
Project("{2150E333-8FDC-42A3-9474-1A3956D46DE8}") = "Web", "Web", "{F12370C7-1A02-4CAA-A20F-7F4E8716A8DB}"
EndProject
Project("{FAE04EC0-301F-11D3-BF4B-00C04F79EFBC}") = "MedCore.Application", "MedCore.Application\MedCore.Application.csproj", "{B3AC68EE-9D75-4D47-986F-63906AAD71BF}"
EndProject
Project("{FAE04EC0-301F-11D3-BF4B-00C04F79EFBC}") = "MedCore.Web", "MedCore.Web\MedCore.Web.csproj", "{9CC53D7F-BC43-4B34-81F2-2F14E185CE5B}"
EndProject
Project("{2150E333-8FDC-42A3-9474-1A3956D46DE8}") = "Test", "Test", "{6D23E9DD-B6B5-4819-A404-801115F0875C}"
EndProject
Project("{FAE04EC0-301F-11D3-BF4B-00C04F79EFBC}") = "MedCore.Persistence.Test", "MedCore.Persistence.Test\MedCore.Persistence.Test.csproj", "{6A6A7FE5-4CDF-4DDB-9BBA-A356B1CB39F2}"
EndProject
Project("{FAE04EC0-301F-11D3-BF4B-00C04F79EFBC}") = "MedCore.Application.Test", "MedCore.Application.Test\MedCore.Application.Test.csproj", "{92656E31-2D54-4B1F-9CC3-5056282F332A}"
EndProject
Global
	GlobalSection(SolutionConfigurationPlatforms) = preSolution
		Debug|Any CPU = Debug|Any CPU
		Release|Any CPU = Release|Any CPU
	EndGlobalSection
	GlobalSection(ProjectConfigurationPlatforms) = postSolution
		{6B2B61E3-5F94-4981-BBDF-102B83997B5B}.Debug|Any CPU.ActiveCfg = Debug|Any CPU
		{6B2B61E3-5F94-4981-BBDF-102B83997B5B}.Debug|Any CPU.Build.0 = Debug|Any CPU
		{6B2B61E3-5F94-4981-BBDF-102B83997B5B}.Release|Any CPU.ActiveCfg = Release|Any CPU
		{6B2B61E3-5F94-4981-BBDF-102B83997B5B}.Release|Any CPU.Build.0 = Release|Any CPU
		{0E715365-1318-4252-819F-3046C955183D}.Debug|Any CPU.ActiveCfg = Debug|Any CPU
		{0E715365-1318-4252-819F-3046C955183D}.Debug|Any CPU.Build.0 = Debug|Any CPU
		{0E715365-1318-4252-819F-3046C955183D}.Release|Any CPU.ActiveCfg = Release|Any CPU
		{0E715365-1318-4252-819F-3046C955183D}.Release|Any CPU.Build.0 = Release|Any CPU
		{4A016A9C-1EE4-4F0A-82BF-84A5889464BF}.Debug|Any CPU.ActiveCfg = Debug|Any CPU
		{4A016A9C-1EE4-4F0A-82BF-84A5889464BF}.Debug|Any CPU.Build.0 = Debug|Any CPU
		{4A016A9C-1EE4-4F0A-82BF-84A5889464BF}.Release|Any CPU.ActiveCfg = Release|Any CPU
		{4A016A9C-1EE4-4F0A-82BF-84A5889464BF}.Release|Any CPU.Build.0 = Release|Any CPU
		{B3AC68EE-9D75-4D47-986F-63906AAD71BF}.Debug|Any CPU.ActiveCfg = Debug|Any CPU
		{B3AC68EE-9D75-4D47-986F-63906AAD71BF}.Debug|Any CPU.Build.0 = Debug|Any CPU
		{B3AC68EE-9D75-4D47-986F-63906AAD71BF}.Release|Any CPU.ActiveCfg = Release|Any CPU
		{B3AC68EE-9D75-4D47-986F-63906AAD71BF}.Release|Any CPU.Build.0 = Release|Any CPU
		{9CC53D7F-BC43-4B34-81F2-2F14E185CE5B}.Debug|Any CPU.ActiveCfg = Debug|Any CPU
		{9CC53D7F-BC43-4B34-81F2-2F14E185CE5B}.Debug|Any CPU.Build.0 = Debug|Any CPU
		{9CC53D7F-BC43-4B34-81F2-2F14E185CE5B}.Release|Any CPU.ActiveCfg = Release|Any CPU
		{9CC53D7F-BC43-4B34-81F2-2F14E185CE5B}.Release|Any CPU.Build.0 = Release|Any CPU
		{6A6A7FE5-4CDF-4DDB-9BBA-A356B1CB39F2}.Debug|Any CPU.ActiveCfg = Debug|Any CPU
		{6A6A7FE5-4CDF-4DDB-9BBA-A356B1CB39F2}.Debug|Any CPU.Build.0 = Debug|Any CPU
		{6A6A7FE5-4CDF-4DDB-9BBA-A356B1CB39F2}.Release|Any CPU.ActiveCfg = Release|Any CPU
		{6A6A7FE5-4CDF-4DDB-9BBA-A356B1CB39F2}.Release|Any CPU.Build.0 = Release|Any CPU
		{92656E31-2D54-4B1F-9CC3-5056282F332A}.Debug|Any CPU.ActiveCfg = Debug|Any CPU
		{92656E31-2D54-4B1F-9CC3-5056282F332A}.Debug|Any CPU.Build.0 = Debug|Any CPU
		{92656E31-2D54-4B1F-9CC3-5056282F332A}.Release|Any CPU.ActiveCfg = Release|Any CPU
		{92656E31-2D54-4B1F-9CC3-5056282F332A}.Release|Any CPU.Build.0 = Release|Any CPU
	EndGlobalSection
	GlobalSection(SolutionProperties) = preSolution
		HideSolutionNode = FALSE
	EndGlobalSection
	GlobalSection(NestedProjects) = preSolution
		{6B2B61E3-5F94-4981-BBDF-102B83997B5B} = {63C118E7-F31F-4F40-A80C-1FC8BB8049CA}
		{0E715365-1318-4252-819F-3046C955183D} = {FEACACA7-CCD8-4814-85DA-E33F1D1DB09D}
		{4A016A9C-1EE4-4F0A-82BF-84A5889464BF} = {FEACACA7-CCD8-4814-85DA-E33F1D1DB09D}
		{B3AC68EE-9D75-4D47-986F-63906AAD71BF} = {F15EAB66-A8C7-4F9F-8B26-70D9AF9A6AB5}
		{9CC53D7F-BC43-4B34-81F2-2F14E185CE5B} = {F12370C7-1A02-4CAA-A20F-7F4E8716A8DB}
		{6A6A7FE5-4CDF-4DDB-9BBA-A356B1CB39F2} = {6D23E9DD-B6B5-4819-A404-801115F0875C}
		{92656E31-2D54-4B1F-9CC3-5056282F332A} = {6D23E9DD-B6B5-4819-A404-801115F0875C}
	EndGlobalSection
EndGlobal
