
Microsoft Visual Studio Solution File, Format Version 12.00
# Visual Studio Version 17
VisualStudioVersion = 17.12.35707.178
MinimumVisualStudioVersion = 10.0.40219.1
Project("{2150E333-8FDC-42A3-9474-1A3956D46DE8}") = "Core", "Core", "{63C118E7-F31F-4F40-A80C-1FC8BB8049CA}"
EndProject
Project("{FAE04EC0-301F-11D3-BF4B-00C04F79EFBC}") = "MedCore.Domain", "MedCore.Domain\MedCore.Domain.csproj", "{6B2B61E3-5F94-4981-BBDF-102B83997B5B}"
EndProject
Project("{2150E333-8FDC-42A3-9474-1A3956D46DE8}") = "Infraestructure", "Infraestructure", "{FEACACA7-CCD8-4814-85DA-E33F1D1DB09D}"
EndProject
Project("{FAE04EC0-301F-11D3-BF4B-00C04F79EFBC}") = "MedCore.Infraestructure", "MedCore.Infraestructure\MedCore.Infraestructure.csproj", "{0E715365-1318-4252-819F-3046C955183D}"
EndProject
Project("{FAE04EC0-301F-11D3-BF4B-00C04F79EFBC}") = "MedCore.Persistence", "MedCore.Persistence\MedCore.Persistence.csproj", "{4A016A9C-1EE4-4F0A-82BF-84A5889464BF}"
EndProject
Global
	GlobalSection(SolutionConfigurationPlatforms) = preSolution
		Debug|Any CPU = Debug|Any CPU
		Release|Any CPU = Release|Any CPU
	EndGlobalSection
	GlobalSection(ProjectConfigurationPlatforms) = postSolution
		{6B2B61E3-5F94-4981-BBDF-102B83997B5B}.Debug|Any CPU.ActiveCfg = Debug|Any CPU
		{6B2B61E3-5F94-4981-BBDF-102B83997B5B}.Debug|Any CPU.Build.0 = Debug|Any CPU
		{6B2B61E3-5F94-4981-BBDF-102B83997B5B}.Release|Any CPU.ActiveCfg = Release|Any CPU
		{6B2B61E3-5F94-4981-BBDF-102B83997B5B}.Release|Any CPU.Build.0 = Release|Any CPU
		{0E715365-1318-4252-819F-3046C955183D}.Debug|Any CPU.ActiveCfg = Debug|Any CPU
		{0E715365-1318-4252-819F-3046C955183D}.Debug|Any CPU.Build.0 = Debug|Any CPU
		{0E715365-1318-4252-819F-3046C955183D}.Release|Any CPU.ActiveCfg = Release|Any CPU
		{0E715365-1318-4252-819F-3046C955183D}.Release|Any CPU.Build.0 = Release|Any CPU
		{4A016A9C-1EE4-4F0A-82BF-84A5889464BF}.Debug|Any CPU.ActiveCfg = Debug|Any CPU
		{4A016A9C-1EE4-4F0A-82BF-84A5889464BF}.Debug|Any CPU.Build.0 = Debug|Any CPU
		{4A016A9C-1EE4-4F0A-82BF-84A5889464BF}.Release|Any CPU.ActiveCfg = Release|Any CPU
		{4A016A9C-1EE4-4F0A-82BF-84A5889464BF}.Release|Any CPU.Build.0 = Release|Any CPU
	EndGlobalSection
	GlobalSection(SolutionProperties) = preSolution
		HideSolutionNode = FALSE
	EndGlobalSection
	GlobalSection(NestedProjects) = preSolution
		{6B2B61E3-5F94-4981-BBDF-102B83997B5B} = {63C118E7-F31F-4F40-A80C-1FC8BB8049CA}
		{0E715365-1318-4252-819F-3046C955183D} = {FEACACA7-CCD8-4814-85DA-E33F1D1DB09D}
		{4A016A9C-1EE4-4F0A-82BF-84A5889464BF} = {FEACACA7-CCD8-4814-85DA-E33F1D1DB09D}
	EndGlobalSection
EndGlobal
